
Microsoft Visual Studio Solution File, Format Version 12.00
# Visual Studio 15
VisualStudioVersion = 15.0.28307.1401
MinimumVisualStudioVersion = 10.0.40219.1
Project("{159641D6-6404-4A2A-AE62-294DE0FE8301}") = "Project2SSIS", "Project2SSIS\Project2SSIS.dtproj", "{0DAA6C13-58B4-43A9-A66C-757D88594164}"
EndProject
Global
	GlobalSection(SolutionConfigurationPlatforms) = preSolution
		Development|Default = Development|Default
	EndGlobalSection
	GlobalSection(ProjectConfigurationPlatforms) = postSolution
		{0DAA6C13-58B4-43A9-A66C-757D88594164}.Development|Default.ActiveCfg = Development
		{0DAA6C13-58B4-43A9-A66C-757D88594164}.Development|Default.Build.0 = Development
	EndGlobalSection
	GlobalSection(SolutionProperties) = preSolution
		HideSolutionNode = FALSE
	EndGlobalSection
	GlobalSection(ExtensibilityGlobals) = postSolution
		SolutionGuid = {318DD998-FF45-4C3E-8B63-04D6DEFA827D}
	EndGlobalSection
EndGlobal
