
Microsoft Visual Studio Solution File, Format Version 12.00
# Visual Studio 15
VisualStudioVersion = 15.0.28307.1401
MinimumVisualStudioVersion = 10.0.40219.1
Project("{D2ABAB84-BF74-430A-B69E-9DC6D40DDA17}") = "Project-2-Cube", "Project-2-Cube\Project-2-Cube.dwproj", "{118D8471-9344-44E1-96D6-DC3D123BFE68}"
EndProject
Global
	GlobalSection(SolutionConfigurationPlatforms) = preSolution
		Development|Default = Development|Default
	EndGlobalSection
	GlobalSection(ProjectConfigurationPlatforms) = postSolution
		{118D8471-9344-44E1-96D6-DC3D123BFE68}.Development|Default.ActiveCfg = Development
		{118D8471-9344-44E1-96D6-DC3D123BFE68}.Development|Default.Build.0 = Development
		{118D8471-9344-44E1-96D6-DC3D123BFE68}.Development|Default.Deploy.0 = Development
	EndGlobalSection
	GlobalSection(SolutionProperties) = preSolution
		HideSolutionNode = FALSE
	EndGlobalSection
	GlobalSection(ExtensibilityGlobals) = postSolution
		SolutionGuid = {E2352D5A-8CB9-4CE6-BEDE-3BB0246CD9FB}
	EndGlobalSection
EndGlobal
